
Microsoft Visual Studio Solution File, Format Version 12.00
# Visual Studio 15
VisualStudioVersion = 15.0.28307.572
MinimumVisualStudioVersion = 10.0.40219.1
Project("{FAE04EC0-301F-11D3-BF4B-00C04F79EFBC}") = "KafeKod", "KafeKod\KafeKod.csproj", "{DE3EBB80-226C-4DB9-8184-260928802560}"
EndProject
Project("{FAE04EC0-301F-11D3-BF4B-00C04F79EFBC}") = "KafeKod.Data", "KafeKod.Data\KafeKod.Data.csproj", "{CA9A1C5C-8D4C-48E8-95A2-BDB2F3CE6771}"
EndProject
Global
	GlobalSection(SolutionConfigurationPlatforms) = preSolution
		Debug|Any CPU = Debug|Any CPU
		Release|Any CPU = Release|Any CPU
	EndGlobalSection
	GlobalSection(ProjectConfigurationPlatforms) = postSolution
		{DE3EBB80-226C-4DB9-8184-260928802560}.Debug|Any CPU.ActiveCfg = Debug|Any CPU
		{DE3EBB80-226C-4DB9-8184-260928802560}.Debug|Any CPU.Build.0 = Debug|Any CPU
		{DE3EBB80-226C-4DB9-8184-260928802560}.Release|Any CPU.ActiveCfg = Release|Any CPU
		{DE3EBB80-226C-4DB9-8184-260928802560}.Release|Any CPU.Build.0 = Release|Any CPU
		{CA9A1C5C-8D4C-48E8-95A2-BDB2F3CE6771}.Debug|Any CPU.ActiveCfg = Debug|Any CPU
		{CA9A1C5C-8D4C-48E8-95A2-BDB2F3CE6771}.Debug|Any CPU.Build.0 = Debug|Any CPU
		{CA9A1C5C-8D4C-48E8-95A2-BDB2F3CE6771}.Release|Any CPU.ActiveCfg = Release|Any CPU
		{CA9A1C5C-8D4C-48E8-95A2-BDB2F3CE6771}.Release|Any CPU.Build.0 = Release|Any CPU
	EndGlobalSection
	GlobalSection(SolutionProperties) = preSolution
		HideSolutionNode = FALSE
	EndGlobalSection
	GlobalSection(ExtensibilityGlobals) = postSolution
		SolutionGuid = {76ADCA0D-4642-4E65-8286-BFFAE105AC09}
	EndGlobalSection
EndGlobal
